<Solution>
  <Project Path="CaseItauDigitalAssetsBank.API/CaseItauDigitalAssetsBank.API.csproj" />
  <Project Path="CaseItauDigitalAssetsBank.Application/CaseItauDigitalAssetsBank.Application.csproj" />
  <Project Path="CaseItauDigitalAssetsBank.Domain/CaseItauDigitalAssetsBank.Domain.csproj" />
  <Project Path="CaseItauDigitalAssetsBank.Infra.Data/CaseItauDigitalAssetsBank.Infra.Data.csproj" />
</Solution>
